// !$*UTF8*$!
{
	archiveVersion = 1;
	classes = {
	};
	objectVersion = 56;
	objects = {

/* Begin PBXBuildFile section */
		F12F5AA72B0CFDE800C25241 /* AppDelegate.swift in Sources */ = {isa = PBXBuildFile; fileRef = F12F5AA62B0CFDE800C25241 /* AppDelegate.swift */; };
		F12F5AA92B0CFDE800C25241 /* SceneDelegate.swift in Sources */ = {isa = PBXBuildFile; fileRef = F12F5AA82B0CFDE800C25241 /* SceneDelegate.swift */; };
		F12F5AAB2B0CFDE800C25241 /* ViewController.swift in Sources */ = {isa = PBXBuildFile; fileRef = F12F5AAA2B0CFDE800C25241 /* ViewController.swift */; };
		F12F5AAE2B0CFDE800C25241 /* Main.storyboard in Resources */ = {isa = PBXBuildFile; fileRef = F12F5AAC2B0CFDE800C25241 /* Main.storyboard */; };
		F12F5AB02B0CFDE900C25241 /* Assets.xcassets in Resources */ = {isa = PBXBuildFile; fileRef = F12F5AAF2B0CFDE900C25241 /* Assets.xcassets */; };
		F12F5AB32B0CFDE900C25241 /* LaunchScreen.storyboard in Resources */ = {isa = PBXBuildFile; fileRef = F12F5AB12B0CFDE900C25241 /* LaunchScreen.storyboard */; };
		F12F5ABE2B0CFDE900C25241 /* AmazonMigrationAppTests.swift in Sources */ = {isa = PBXBuildFile; fileRef = F12F5ABD2B0CFDE900C25241 /* AmazonMigrationAppTests.swift */; };
		F12F5AC82B0CFDE900C25241 /* AmazonMigrationAppUITests.swift in Sources */ = {isa = PBXBuildFile; fileRef = F12F5AC72B0CFDE900C25241 /* AmazonMigrationAppUITests.swift */; };
		F12F5ACA2B0CFDE900C25241 /* AmazonMigrationAppUITestsLaunchTests.swift in Sources */ = {isa = PBXBuildFile; fileRef = F12F5AC92B0CFDE900C25241 /* AmazonMigrationAppUITestsLaunchTests.swift */; };
		F12F5AD82B0D01FD00C25241 /* Mapbox in Frameworks */ = {isa = PBXBuildFile; productRef = F12F5AD72B0D01FD00C25241 /* Mapbox */; };
		F12F5ADE2B14D8DE00C25241 /* AWSAuthCore in Frameworks */ = {isa = PBXBuildFile; productRef = F12F5ADD2B14D8DE00C25241 /* AWSAuthCore */; };
		F12F5AE02B14D8DE00C25241 /* AWSCognitoAuth in Frameworks */ = {isa = PBXBuildFile; productRef = F12F5ADF2B14D8DE00C25241 /* AWSCognitoAuth */; };
		F12F5AE22B14D8DE00C25241 /* AWSCognitoIdentityProviderASF in Frameworks */ = {isa = PBXBuildFile; productRef = F12F5AE12B14D8DE00C25241 /* AWSCognitoIdentityProviderASF */; };
		F12F5AE42B14D8DE00C25241 /* AWSLocationXCF in Frameworks */ = {isa = PBXBuildFile; productRef = F12F5AE32B14D8DE00C25241 /* AWSLocationXCF */; };
		F12F5AE62B14D8DE00C25241 /* AWSMobileClientXCF in Frameworks */ = {isa = PBXBuildFile; productRef = F12F5AE52B14D8DE00C25241 /* AWSMobileClientXCF */; };
/* End PBXBuildFile section */

/* Begin PBXContainerItemProxy section */
		F12F5ABA2B0CFDE900C25241 /* PBXContainerItemProxy */ = {
			isa = PBXContainerItemProxy;
			containerPortal = F12F5A9B2B0CFDE800C25241 /* Project object */;
			proxyType = 1;
			remoteGlobalIDString = F12F5AA22B0CFDE800C25241;
			remoteInfo = AmazonMigrationApp;
		};
		F12F5AC42B0CFDE900C25241 /* PBXContainerItemProxy */ = {
			isa = PBXContainerItemProxy;
			containerPortal = F12F5A9B2B0CFDE800C25241 /* Project object */;
			proxyType = 1;
			remoteGlobalIDString = F12F5AA22B0CFDE800C25241;
			remoteInfo = AmazonMigrationApp;
		};
/* End PBXContainerItemProxy section */

/* Begin PBXFileReference section */
		F12F5AA32B0CFDE800C25241 /* AmazonMigrationApp.app */ = {isa = PBXFileReference; explicitFileType = wrapper.application; includeInIndex = 0; path = AmazonMigrationApp.app; sourceTree = BUILT_PRODUCTS_DIR; };
		F12F5AA62B0CFDE800C25241 /* AppDelegate.swift */ = {isa = PBXFileReference; lastKnownFileType = sourcecode.swift; path = AppDelegate.swift; sourceTree = "<group>"; };
		F12F5AA82B0CFDE800C25241 /* SceneDelegate.swift */ = {isa = PBXFileReference; lastKnownFileType = sourcecode.swift; path = SceneDelegate.swift; sourceTree = "<group>"; };
		F12F5AAA2B0CFDE800C25241 /* ViewController.swift */ = {isa = PBXFileReference; lastKnownFileType = sourcecode.swift; path = ViewController.swift; sourceTree = "<group>"; };
		F12F5AAD2B0CFDE800C25241 /* Base */ = {isa = PBXFileReference; lastKnownFileType = file.storyboard; name = Base; path = Base.lproj/Main.storyboard; sourceTree = "<group>"; };
		F12F5AAF2B0CFDE900C25241 /* Assets.xcassets */ = {isa = PBXFileReference; lastKnownFileType = folder.assetcatalog; path = Assets.xcassets; sourceTree = "<group>"; };
		F12F5AB22B0CFDE900C25241 /* Base */ = {isa = PBXFileReference; lastKnownFileType = file.storyboard; name = Base; path = Base.lproj/LaunchScreen.storyboard; sourceTree = "<group>"; };
		F12F5AB42B0CFDE900C25241 /* Info.plist */ = {isa = PBXFileReference; lastKnownFileType = text.plist.xml; path = Info.plist; sourceTree = "<group>"; };
		F12F5AB92B0CFDE900C25241 /* AmazonMigrationAppTests.xctest */ = {isa = PBXFileReference; explicitFileType = wrapper.cfbundle; includeInIndex = 0; path = AmazonMigrationAppTests.xctest; sourceTree = BUILT_PRODUCTS_DIR; };
		F12F5ABD2B0CFDE900C25241 /* AmazonMigrationAppTests.swift */ = {isa = PBXFileReference; lastKnownFileType = sourcecode.swift; path = AmazonMigrationAppTests.swift; sourceTree = "<group>"; };
		F12F5AC32B0CFDE900C25241 /* AmazonMigrationAppUITests.xctest */ = {isa = PBXFileReference; explicitFileType = wrapper.cfbundle; includeInIndex = 0; path = AmazonMigrationAppUITests.xctest; sourceTree = BUILT_PRODUCTS_DIR; };
		F12F5AC72B0CFDE900C25241 /* AmazonMigrationAppUITests.swift */ = {isa = PBXFileReference; lastKnownFileType = sourcecode.swift; path = AmazonMigrationAppUITests.swift; sourceTree = "<group>"; };
		F12F5AC92B0CFDE900C25241 /* AmazonMigrationAppUITestsLaunchTests.swift */ = {isa = PBXFileReference; lastKnownFileType = sourcecode.swift; path = AmazonMigrationAppUITestsLaunchTests.swift; sourceTree = "<group>"; };
/* End PBXFileReference section */

/* Begin PBXFrameworksBuildPhase section */
		F12F5AA02B0CFDE800C25241 /* Frameworks */ = {
			isa = PBXFrameworksBuildPhase;
			buildActionMask = 2147483647;
			files = (
				F12F5AD82B0D01FD00C25241 /* Mapbox in Frameworks */,
				F12F5AE02B14D8DE00C25241 /* AWSCognitoAuth in Frameworks */,
				F12F5AE22B14D8DE00C25241 /* AWSCognitoIdentityProviderASF in Frameworks */,
				F12F5AE62B14D8DE00C25241 /* AWSMobileClientXCF in Frameworks */,
				F12F5AE42B14D8DE00C25241 /* AWSLocationXCF in Frameworks */,
				F12F5ADE2B14D8DE00C25241 /* AWSAuthCore in Frameworks */,
			);
			runOnlyForDeploymentPostprocessing = 0;
		};
		F12F5AB62B0CFDE900C25241 /* Frameworks */ = {
			isa = PBXFrameworksBuildPhase;
			buildActionMask = 2147483647;
			files = (
			);
			runOnlyForDeploymentPostprocessing = 0;
		};
		F12F5AC02B0CFDE900C25241 /* Frameworks */ = {
			isa = PBXFrameworksBuildPhase;
			buildActionMask = 2147483647;
			files = (
			);
			runOnlyForDeploymentPostprocessing = 0;
		};
/* End PBXFrameworksBuildPhase section */

/* Begin PBXGroup section */
		F12F5A9A2B0CFDE800C25241 = {
			isa = PBXGroup;
			children = (
				F12F5AA52B0CFDE800C25241 /* AmazonMigrationApp */,
				F12F5ABC2B0CFDE900C25241 /* AmazonMigrationAppTests */,
				F12F5AC62B0CFDE900C25241 /* AmazonMigrationAppUITests */,
				F12F5AA42B0CFDE800C25241 /* Products */,
			);
			sourceTree = "<group>";
		};
		F12F5AA42B0CFDE800C25241 /* Products */ = {
			isa = PBXGroup;
			children = (
				F12F5AA32B0CFDE800C25241 /* AmazonMigrationApp.app */,
				F12F5AB92B0CFDE900C25241 /* AmazonMigrationAppTests.xctest */,
				F12F5AC32B0CFDE900C25241 /* AmazonMigrationAppUITests.xctest */,
			);
			name = Products;
			sourceTree = "<group>";
		};
		F12F5AA52B0CFDE800C25241 /* AmazonMigrationApp */ = {
			isa = PBXGroup;
			children = (
				F12F5AA62B0CFDE800C25241 /* AppDelegate.swift */,
				F12F5AA82B0CFDE800C25241 /* SceneDelegate.swift */,
				F12F5AAA2B0CFDE800C25241 /* ViewController.swift */,
				F12F5AAC2B0CFDE800C25241 /* Main.storyboard */,
				F12F5AAF2B0CFDE900C25241 /* Assets.xcassets */,
				F12F5AB12B0CFDE900C25241 /* LaunchScreen.storyboard */,
				F12F5AB42B0CFDE900C25241 /* Info.plist */,
			);
			path = AmazonMigrationApp;
			sourceTree = "<group>";
		};
		F12F5ABC2B0CFDE900C25241 /* AmazonMigrationAppTests */ = {
			isa = PBXGroup;
			children = (
				F12F5ABD2B0CFDE900C25241 /* AmazonMigrationAppTests.swift */,
			);
			path = AmazonMigrationAppTests;
			sourceTree = "<group>";
		};
		F12F5AC62B0CFDE900C25241 /* AmazonMigrationAppUITests */ = {
			isa = PBXGroup;
			children = (
				F12F5AC72B0CFDE900C25241 /* AmazonMigrationAppUITests.swift */,
				F12F5AC92B0CFDE900C25241 /* AmazonMigrationAppUITestsLaunchTests.swift */,
			);
			path = AmazonMigrationAppUITests;
			sourceTree = "<group>";
		};
/* End PBXGroup section */

/* Begin PBXNativeTarget section */
		F12F5AA22B0CFDE800C25241 /* AmazonMigrationApp */ = {
			isa = PBXNativeTarget;
			buildConfigurationList = F12F5ACD2B0CFDE900C25241 /* Build configuration list for PBXNativeTarget "AmazonMigrationApp" */;
			buildPhases = (
				F12F5A9F2B0CFDE800C25241 /* Sources */,
				F12F5AA02B0CFDE800C25241 /* Frameworks */,
				F12F5AA12B0CFDE800C25241 /* Resources */,
			);
			buildRules = (
			);
			dependencies = (
			);
			name = AmazonMigrationApp;
			packageProductDependencies = (
				F12F5AD72B0D01FD00C25241 /* Mapbox */,
				F12F5ADD2B14D8DE00C25241 /* AWSAuthCore */,
				F12F5ADF2B14D8DE00C25241 /* AWSCognitoAuth */,
				F12F5AE12B14D8DE00C25241 /* AWSCognitoIdentityProviderASF */,
				F12F5AE32B14D8DE00C25241 /* AWSLocationXCF */,
				F12F5AE52B14D8DE00C25241 /* AWSMobileClientXCF */,
			);
			productName = AmazonMigrationApp;
			productReference = F12F5AA32B0CFDE800C25241 /* AmazonMigrationApp.app */;
			productType = "com.apple.product-type.application";
		};
		F12F5AB82B0CFDE900C25241 /* AmazonMigrationAppTests */ = {
			isa = PBXNativeTarget;
			buildConfigurationList = F12F5AD02B0CFDE900C25241 /* Build configuration list for PBXNativeTarget "AmazonMigrationAppTests" */;
			buildPhases = (
				F12F5AB52B0CFDE900C25241 /* Sources */,
				F12F5AB62B0CFDE900C25241 /* Frameworks */,
				F12F5AB72B0CFDE900C25241 /* Resources */,
			);
			buildRules = (
			);
			dependencies = (
				F12F5ABB2B0CFDE900C25241 /* PBXTargetDependency */,
			);
			name = AmazonMigrationAppTests;
			productName = AmazonMigrationAppTests;
			productReference = F12F5AB92B0CFDE900C25241 /* AmazonMigrationAppTests.xctest */;
			productType = "com.apple.product-type.bundle.unit-test";
		};
		F12F5AC22B0CFDE900C25241 /* AmazonMigrationAppUITests */ = {
			isa = PBXNativeTarget;
			buildConfigurationList = F12F5AD32B0CFDE900C25241 /* Build configuration list for PBXNativeTarget "AmazonMigrationAppUITests" */;
			buildPhases = (
				F12F5ABF2B0CFDE900C25241 /* Sources */,
				F12F5AC02B0CFDE900C25241 /* Frameworks */,
				F12F5AC12B0CFDE900C25241 /* Resources */,
			);
			buildRules = (
			);
			dependencies = (
				F12F5AC52B0CFDE900C25241 /* PBXTargetDependency */,
			);
			name = AmazonMigrationAppUITests;
			productName = AmazonMigrationAppUITests;
			productReference = F12F5AC32B0CFDE900C25241 /* AmazonMigrationAppUITests.xctest */;
			productType = "com.apple.product-type.bundle.ui-testing";
		};
/* End PBXNativeTarget section */

/* Begin PBXProject section */
		F12F5A9B2B0CFDE800C25241 /* Project object */ = {
			isa = PBXProject;
			attributes = {
				BuildIndependentTargetsInParallel = 1;
				LastSwiftUpdateCheck = 1430;
				LastUpgradeCheck = 1430;
				TargetAttributes = {
					F12F5AA22B0CFDE800C25241 = {
						CreatedOnToolsVersion = 14.3.1;
					};
					F12F5AB82B0CFDE900C25241 = {
						CreatedOnToolsVersion = 14.3.1;
						TestTargetID = F12F5AA22B0CFDE800C25241;
					};
					F12F5AC22B0CFDE900C25241 = {
						CreatedOnToolsVersion = 14.3.1;
						TestTargetID = F12F5AA22B0CFDE800C25241;
					};
				};
			};
			buildConfigurationList = F12F5A9E2B0CFDE800C25241 /* Build configuration list for PBXProject "AmazonMigrationApp" */;
			compatibilityVersion = "Xcode 14.0";
			developmentRegion = en;
			hasScannedForEncodings = 0;
			knownRegions = (
				en,
				Base,
			);
			mainGroup = F12F5A9A2B0CFDE800C25241;
			packageReferences = (
				F12F5AD62B0D01FD00C25241 /* XCRemoteSwiftPackageReference "maplibre-gl-native-distribution" */,
				F12F5ADC2B14D8DE00C25241 /* XCRemoteSwiftPackageReference "aws-sdk-ios-spm" */,
			);
			productRefGroup = F12F5AA42B0CFDE800C25241 /* Products */;
			projectDirPath = "";
			projectRoot = "";
			targets = (
				F12F5AA22B0CFDE800C25241 /* AmazonMigrationApp */,
				F12F5AB82B0CFDE900C25241 /* AmazonMigrationAppTests */,
				F12F5AC22B0CFDE900C25241 /* AmazonMigrationAppUITests */,
			);
		};
/* End PBXProject section */

/* Begin PBXResourcesBuildPhase section */
		F12F5AA12B0CFDE800C25241 /* Resources */ = {
			isa = PBXResourcesBuildPhase;
			buildActionMask = 2147483647;
			files = (
				F12F5AB32B0CFDE900C25241 /* LaunchScreen.storyboard in Resources */,
				F12F5AB02B0CFDE900C25241 /* Assets.xcassets in Resources */,
				F12F5AAE2B0CFDE800C25241 /* Main.storyboard in Resources */,
			);
			runOnlyForDeploymentPostprocessing = 0;
		};
		F12F5AB72B0CFDE900C25241 /* Resources */ = {
			isa = PBXResourcesBuildPhase;
			buildActionMask = 2147483647;
			files = (
			);
			runOnlyForDeploymentPostprocessing = 0;
		};
		F12F5AC12B0CFDE900C25241 /* Resources */ = {
			isa = PBXResourcesBuildPhase;
			buildActionMask = 2147483647;
			files = (
			);
			runOnlyForDeploymentPostprocessing = 0;
		};
/* End PBXResourcesBuildPhase section */

/* Begin PBXSourcesBuildPhase section */
		F12F5A9F2B0CFDE800C25241 /* Sources */ = {
			isa = PBXSourcesBuildPhase;
			buildActionMask = 2147483647;
			files = (
				F12F5AAB2B0CFDE800C25241 /* ViewController.swift in Sources */,
				F12F5AA72B0CFDE800C25241 /* AppDelegate.swift in Sources */,
				F12F5AA92B0CFDE800C25241 /* SceneDelegate.swift in Sources */,
			);
			runOnlyForDeploymentPostprocessing = 0;
		};
		F12F5AB52B0CFDE900C25241 /* Sources */ = {
			isa = PBXSourcesBuildPhase;
			buildActionMask = 2147483647;
			files = (
				F12F5ABE2B0CFDE900C25241 /* AmazonMigrationAppTests.swift in Sources */,
			);
			runOnlyForDeploymentPostprocessing = 0;
		};
		F12F5ABF2B0CFDE900C25241 /* Sources */ = {
			isa = PBXSourcesBuildPhase;
			buildActionMask = 2147483647;
			files = (
				F12F5AC82B0CFDE900C25241 /* AmazonMigrationAppUITests.swift in Sources */,
				F12F5ACA2B0CFDE900C25241 /* AmazonMigrationAppUITestsLaunchTests.swift in Sources */,
			);
			runOnlyForDeploymentPostprocessing = 0;
		};
/* End PBXSourcesBuildPhase section */

/* Begin PBXTargetDependency section */
		F12F5ABB2B0CFDE900C25241 /* PBXTargetDependency */ = {
			isa = PBXTargetDependency;
			target = F12F5AA22B0CFDE800C25241 /* AmazonMigrationApp */;
			targetProxy = F12F5ABA2B0CFDE900C25241 /* PBXContainerItemProxy */;
		};
		F12F5AC52B0CFDE900C25241 /* PBXTargetDependency */ = {
			isa = PBXTargetDependency;
			target = F12F5AA22B0CFDE800C25241 /* AmazonMigrationApp */;
			targetProxy = F12F5AC42B0CFDE900C25241 /* PBXContainerItemProxy */;
		};
/* End PBXTargetDependency section */

/* Begin PBXVariantGroup section */
		F12F5AAC2B0CFDE800C25241 /* Main.storyboard */ = {
			isa = PBXVariantGroup;
			children = (
				F12F5AAD2B0CFDE800C25241 /* Base */,
			);
			name = Main.storyboard;
			sourceTree = "<group>";
		};
		F12F5AB12B0CFDE900C25241 /* LaunchScreen.storyboard */ = {
			isa = PBXVariantGroup;
			children = (
				F12F5AB22B0CFDE900C25241 /* Base */,
			);
			name = LaunchScreen.storyboard;
			sourceTree = "<group>";
		};
/* End PBXVariantGroup section */

/* Begin XCBuildConfiguration section */
		F12F5ACB2B0CFDE900C25241 /* Debug */ = {
			isa = XCBuildConfiguration;
			buildSettings = {
				ALWAYS_SEARCH_USER_PATHS = NO;
				CLANG_ANALYZER_NONNULL = YES;
				CLANG_ANALYZER_NUMBER_OBJECT_CONVERSION = YES_AGGRESSIVE;
				CLANG_CXX_LANGUAGE_STANDARD = "gnu++20";
				CLANG_ENABLE_MODULES = YES;
				CLANG_ENABLE_OBJC_ARC = YES;
				CLANG_ENABLE_OBJC_WEAK = YES;
				CLANG_WARN_BLOCK_CAPTURE_AUTORELEASING = YES;
				CLANG_WARN_BOOL_CONVERSION = YES;
				CLANG_WARN_COMMA = YES;
				CLANG_WARN_CONSTANT_CONVERSION = YES;
				CLANG_WARN_DEPRECATED_OBJC_IMPLEMENTATIONS = YES;
				CLANG_WARN_DIRECT_OBJC_ISA_USAGE = YES_ERROR;
				CLANG_WARN_DOCUMENTATION_COMMENTS = YES;
				CLANG_WARN_EMPTY_BODY = YES;
				CLANG_WARN_ENUM_CONVERSION = YES;
				CLANG_WARN_INFINITE_RECURSION = YES;
				CLANG_WARN_INT_CONVERSION = YES;
				CLANG_WARN_NON_LITERAL_NULL_CONVERSION = YES;
				CLANG_WARN_OBJC_IMPLICIT_RETAIN_SELF = YES;
				CLANG_WARN_OBJC_LITERAL_CONVERSION = YES;
				CLANG_WARN_OBJC_ROOT_CLASS = YES_ERROR;
				CLANG_WARN_QUOTED_INCLUDE_IN_FRAMEWORK_HEADER = YES;
				CLANG_WARN_RANGE_LOOP_ANALYSIS = YES;
				CLANG_WARN_STRICT_PROTOTYPES = YES;
				CLANG_WARN_SUSPICIOUS_MOVE = YES;
				CLANG_WARN_UNGUARDED_AVAILABILITY = YES_AGGRESSIVE;
				CLANG_WARN_UNREACHABLE_CODE = YES;
				CLANG_WARN__DUPLICATE_METHOD_MATCH = YES;
				COPY_PHASE_STRIP = NO;
				DEBUG_INFORMATION_FORMAT = dwarf;
				ENABLE_STRICT_OBJC_MSGSEND = YES;
				ENABLE_TESTABILITY = YES;
				GCC_C_LANGUAGE_STANDARD = gnu11;
				GCC_DYNAMIC_NO_PIC = NO;
				GCC_NO_COMMON_BLOCKS = YES;
				GCC_OPTIMIZATION_LEVEL = 0;
				GCC_PREPROCESSOR_DEFINITIONS = (
					"DEBUG=1",
					"$(inherited)",
				);
				GCC_WARN_64_TO_32_BIT_CONVERSION = YES;
				GCC_WARN_ABOUT_RETURN_TYPE = YES_ERROR;
				GCC_WARN_UNDECLARED_SELECTOR = YES;
				GCC_WARN_UNINITIALIZED_AUTOS = YES_AGGRESSIVE;
				GCC_WARN_UNUSED_FUNCTION = YES;
				GCC_WARN_UNUSED_VARIABLE = YES;
				IPHONEOS_DEPLOYMENT_TARGET = 16.4;
				MTL_ENABLE_DEBUG_INFO = INCLUDE_SOURCE;
				MTL_FAST_MATH = YES;
				ONLY_ACTIVE_ARCH = YES;
				SDKROOT = iphoneos;
				SWIFT_ACTIVE_COMPILATION_CONDITIONS = DEBUG;
				SWIFT_OPTIMIZATION_LEVEL = "-Onone";
			};
			name = Debug;
		};
		F12F5ACC2B0CFDE900C25241 /* Release */ = {
			isa = XCBuildConfiguration;
			buildSettings = {
				ALWAYS_SEARCH_USER_PATHS = NO;
				CLANG_ANALYZER_NONNULL = YES;
				CLANG_ANALYZER_NUMBER_OBJECT_CONVERSION = YES_AGGRESSIVE;
				CLANG_CXX_LANGUAGE_STANDARD = "gnu++20";
				CLANG_ENABLE_MODULES = YES;
				CLANG_ENABLE_OBJC_ARC = YES;
				CLANG_ENABLE_OBJC_WEAK = YES;
				CLANG_WARN_BLOCK_CAPTURE_AUTORELEASING = YES;
				CLANG_WARN_BOOL_CONVERSION = YES;
				CLANG_WARN_COMMA = YES;
				CLANG_WARN_CONSTANT_CONVERSION = YES;
				CLANG_WARN_DEPRECATED_OBJC_IMPLEMENTATIONS = YES;
				CLANG_WARN_DIRECT_OBJC_ISA_USAGE = YES_ERROR;
				CLANG_WARN_DOCUMENTATION_COMMENTS = YES;
				CLANG_WARN_EMPTY_BODY = YES;
				CLANG_WARN_ENUM_CONVERSION = YES;
				CLANG_WARN_INFINITE_RECURSION = YES;
				CLANG_WARN_INT_CONVERSION = YES;
				CLANG_WARN_NON_LITERAL_NULL_CONVERSION = YES;
				CLANG_WARN_OBJC_IMPLICIT_RETAIN_SELF = YES;
				CLANG_WARN_OBJC_LITERAL_CONVERSION = YES;
				CLANG_WARN_OBJC_ROOT_CLASS = YES_ERROR;
				CLANG_WARN_QUOTED_INCLUDE_IN_FRAMEWORK_HEADER = YES;
				CLANG_WARN_RANGE_LOOP_ANALYSIS = YES;
				CLANG_WARN_STRICT_PROTOTYPES = YES;
				CLANG_WARN_SUSPICIOUS_MOVE = YES;
				CLANG_WARN_UNGUARDED_AVAILABILITY = YES_AGGRESSIVE;
				CLANG_WARN_UNREACHABLE_CODE = YES;
				CLANG_WARN__DUPLICATE_METHOD_MATCH = YES;
				COPY_PHASE_STRIP = NO;
				DEBUG_INFORMATION_FORMAT = "dwarf-with-dsym";
				ENABLE_NS_ASSERTIONS = NO;
				ENABLE_STRICT_OBJC_MSGSEND = YES;
				GCC_C_LANGUAGE_STANDARD = gnu11;
				GCC_NO_COMMON_BLOCKS = YES;
				GCC_WARN_64_TO_32_BIT_CONVERSION = YES;
				GCC_WARN_ABOUT_RETURN_TYPE = YES_ERROR;
				GCC_WARN_UNDECLARED_SELECTOR = YES;
				GCC_WARN_UNINITIALIZED_AUTOS = YES_AGGRESSIVE;
				GCC_WARN_UNUSED_FUNCTION = YES;
				GCC_WARN_UNUSED_VARIABLE = YES;
				IPHONEOS_DEPLOYMENT_TARGET = 16.4;
				MTL_ENABLE_DEBUG_INFO = NO;
				MTL_FAST_MATH = YES;
				SDKROOT = iphoneos;
				SWIFT_COMPILATION_MODE = wholemodule;
				SWIFT_OPTIMIZATION_LEVEL = "-O";
				VALIDATE_PRODUCT = YES;
			};
			name = Release;
		};
		F12F5ACE2B0CFDE900C25241 /* Debug */ = {
			isa = XCBuildConfiguration;
			buildSettings = {
				ASSETCATALOG_COMPILER_APPICON_NAME = AppIcon;
				ASSETCATALOG_COMPILER_GLOBAL_ACCENT_COLOR_NAME = AccentColor;
				CODE_SIGN_STYLE = Automatic;
				CURRENT_PROJECT_VERSION = 1;
				GENERATE_INFOPLIST_FILE = YES;
				INFOPLIST_FILE = AmazonMigrationApp/Info.plist;
				INFOPLIST_KEY_UIApplicationSupportsIndirectInputEvents = YES;
				INFOPLIST_KEY_UILaunchStoryboardName = LaunchScreen;
				INFOPLIST_KEY_UIMainStoryboardFile = Main;
				INFOPLIST_KEY_UISupportedInterfaceOrientations_iPad = "UIInterfaceOrientationPortrait UIInterfaceOrientationPortraitUpsideDown UIInterfaceOrientationLandscapeLeft UIInterfaceOrientationLandscapeRight";
				INFOPLIST_KEY_UISupportedInterfaceOrientations_iPhone = "UIInterfaceOrientationPortrait UIInterfaceOrientationLandscapeLeft UIInterfaceOrientationLandscapeRight";
				LD_RUNPATH_SEARCH_PATHS = (
					"$(inherited)",
					"@executable_path/Frameworks",
				);
				MARKETING_VERSION = 1.0;
				PRODUCT_BUNDLE_IDENTIFIER = com.makeen.AmazonMigrationApp;
				PRODUCT_NAME = "$(TARGET_NAME)";
				SWIFT_EMIT_LOC_STRINGS = YES;
				SWIFT_VERSION = 5.0;
				TARGETED_DEVICE_FAMILY = "1,2";
			};
			name = Debug;
		};
		F12F5ACF2B0CFDE900C25241 /* Release */ = {
			isa = XCBuildConfiguration;
			buildSettings = {
				ASSETCATALOG_COMPILER_APPICON_NAME = AppIcon;
				ASSETCATALOG_COMPILER_GLOBAL_ACCENT_COLOR_NAME = AccentColor;
				CODE_SIGN_STYLE = Automatic;
				CURRENT_PROJECT_VERSION = 1;
				GENERATE_INFOPLIST_FILE = YES;
				INFOPLIST_FILE = AmazonMigrationApp/Info.plist;
				INFOPLIST_KEY_UIApplicationSupportsIndirectInputEvents = YES;
				INFOPLIST_KEY_UILaunchStoryboardName = LaunchScreen;
				INFOPLIST_KEY_UIMainStoryboardFile = Main;
				INFOPLIST_KEY_UISupportedInterfaceOrientations_iPad = "UIInterfaceOrientationPortrait UIInterfaceOrientationPortraitUpsideDown UIInterfaceOrientationLandscapeLeft UIInterfaceOrientationLandscapeRight";
				INFOPLIST_KEY_UISupportedInterfaceOrientations_iPhone = "UIInterfaceOrientationPortrait UIInterfaceOrientationLandscapeLeft UIInterfaceOrientationLandscapeRight";
				LD_RUNPATH_SEARCH_PATHS = (
					"$(inherited)",
					"@executable_path/Frameworks",
				);
				MARKETING_VERSION = 1.0;
				PRODUCT_BUNDLE_IDENTIFIER = com.makeen.AmazonMigrationApp;
				PRODUCT_NAME = "$(TARGET_NAME)";
				SWIFT_EMIT_LOC_STRINGS = YES;
				SWIFT_VERSION = 5.0;
				TARGETED_DEVICE_FAMILY = "1,2";
			};
			name = Release;
		};
		F12F5AD12B0CFDE900C25241 /* Debug */ = {
			isa = XCBuildConfiguration;
			buildSettings = {
				ALWAYS_EMBED_SWIFT_STANDARD_LIBRARIES = YES;
				BUNDLE_LOADER = "$(TEST_HOST)";
				CODE_SIGN_STYLE = Automatic;
				CURRENT_PROJECT_VERSION = 1;
				GENERATE_INFOPLIST_FILE = YES;
				IPHONEOS_DEPLOYMENT_TARGET = 16.4;
				MARKETING_VERSION = 1.0;
				PRODUCT_BUNDLE_IDENTIFIER = com.makeen.AmazonMigrationAppTests;
				PRODUCT_NAME = "$(TARGET_NAME)";
				SWIFT_EMIT_LOC_STRINGS = NO;
				SWIFT_VERSION = 5.0;
				TARGETED_DEVICE_FAMILY = "1,2";
				TEST_HOST = "$(BUILT_PRODUCTS_DIR)/AmazonMigrationApp.app/$(BUNDLE_EXECUTABLE_FOLDER_PATH)/AmazonMigrationApp";
			};
			name = Debug;
		};
		F12F5AD22B0CFDE900C25241 /* Release */ = {
			isa = XCBuildConfiguration;
			buildSettings = {
				ALWAYS_EMBED_SWIFT_STANDARD_LIBRARIES = YES;
				BUNDLE_LOADER = "$(TEST_HOST)";
				CODE_SIGN_STYLE = Automatic;
				CURRENT_PROJECT_VERSION = 1;
				GENERATE_INFOPLIST_FILE = YES;
				IPHONEOS_DEPLOYMENT_TARGET = 16.4;
				MARKETING_VERSION = 1.0;
				PRODUCT_BUNDLE_IDENTIFIER = com.makeen.AmazonMigrationAppTests;
				PRODUCT_NAME = "$(TARGET_NAME)";
				SWIFT_EMIT_LOC_STRINGS = NO;
				SWIFT_VERSION = 5.0;
				TARGETED_DEVICE_FAMILY = "1,2";
				TEST_HOST = "$(BUILT_PRODUCTS_DIR)/AmazonMigrationApp.app/$(BUNDLE_EXECUTABLE_FOLDER_PATH)/AmazonMigrationApp";
			};
			name = Release;
		};
		F12F5AD42B0CFDE900C25241 /* Debug */ = {
			isa = XCBuildConfiguration;
			buildSettings = {
				ALWAYS_EMBED_SWIFT_STANDARD_LIBRARIES = YES;
				CODE_SIGN_STYLE = Automatic;
				CURRENT_PROJECT_VERSION = 1;
				GENERATE_INFOPLIST_FILE = YES;
				MARKETING_VERSION = 1.0;
				PRODUCT_BUNDLE_IDENTIFIER = com.makeen.AmazonMigrationAppUITests;
				PRODUCT_NAME = "$(TARGET_NAME)";
				SWIFT_EMIT_LOC_STRINGS = NO;
				SWIFT_VERSION = 5.0;
				TARGETED_DEVICE_FAMILY = "1,2";
				TEST_TARGET_NAME = AmazonMigrationApp;
			};
			name = Debug;
		};
		F12F5AD52B0CFDE900C25241 /* Release */ = {
			isa = XCBuildConfiguration;
			buildSettings = {
				ALWAYS_EMBED_SWIFT_STANDARD_LIBRARIES = YES;
				CODE_SIGN_STYLE = Automatic;
				CURRENT_PROJECT_VERSION = 1;
				GENERATE_INFOPLIST_FILE = YES;
				MARKETING_VERSION = 1.0;
				PRODUCT_BUNDLE_IDENTIFIER = com.makeen.AmazonMigrationAppUITests;
				PRODUCT_NAME = "$(TARGET_NAME)";
				SWIFT_EMIT_LOC_STRINGS = NO;
				SWIFT_VERSION = 5.0;
				TARGETED_DEVICE_FAMILY = "1,2";
				TEST_TARGET_NAME = AmazonMigrationApp;
			};
			name = Release;
		};
/* End XCBuildConfiguration section */

/* Begin XCConfigurationList section */
		F12F5A9E2B0CFDE800C25241 /* Build configuration list for PBXProject "AmazonMigrationApp" */ = {
			isa = XCConfigurationList;
			buildConfigurations = (
				F12F5ACB2B0CFDE900C25241 /* Debug */,
				F12F5ACC2B0CFDE900C25241 /* Release */,
			);
			defaultConfigurationIsVisible = 0;
			defaultConfigurationName = Release;
		};
		F12F5ACD2B0CFDE900C25241 /* Build configuration list for PBXNativeTarget "AmazonMigrationApp" */ = {
			isa = XCConfigurationList;
			buildConfigurations = (
				F12F5ACE2B0CFDE900C25241 /* Debug */,
				F12F5ACF2B0CFDE900C25241 /* Release */,
			);
			defaultConfigurationIsVisible = 0;
			defaultConfigurationName = Release;
		};
		F12F5AD02B0CFDE900C25241 /* Build configuration list for PBXNativeTarget "AmazonMigrationAppTests" */ = {
			isa = XCConfigurationList;
			buildConfigurations = (
				F12F5AD12B0CFDE900C25241 /* Debug */,
				F12F5AD22B0CFDE900C25241 /* Release */,
			);
			defaultConfigurationIsVisible = 0;
			defaultConfigurationName = Release;
		};
		F12F5AD32B0CFDE900C25241 /* Build configuration list for PBXNativeTarget "AmazonMigrationAppUITests" */ = {
			isa = XCConfigurationList;
			buildConfigurations = (
				F12F5AD42B0CFDE900C25241 /* Debug */,
				F12F5AD52B0CFDE900C25241 /* Release */,
			);
			defaultConfigurationIsVisible = 0;
			defaultConfigurationName = Release;
		};
/* End XCConfigurationList section */

/* Begin XCRemoteSwiftPackageReference section */
		F12F5AD62B0D01FD00C25241 /* XCRemoteSwiftPackageReference "maplibre-gl-native-distribution" */ = {
			isa = XCRemoteSwiftPackageReference;
			repositoryURL = "https://github.com/maplibre/maplibre-gl-native-distribution";
			requirement = {
				kind = upToNextMajorVersion;
				minimumVersion = 5.0.0;
			};
		};
		F12F5ADC2B14D8DE00C25241 /* XCRemoteSwiftPackageReference "aws-sdk-ios-spm" */ = {
			isa = XCRemoteSwiftPackageReference;
			repositoryURL = "https://github.com/aws-amplify/aws-sdk-ios-spm.git";
			requirement = {
				kind = upToNextMajorVersion;
				minimumVersion = 2.0.0;
			};
		};
/* End XCRemoteSwiftPackageReference section */

/* Begin XCSwiftPackageProductDependency section */
		F12F5AD72B0D01FD00C25241 /* Mapbox */ = {
			isa = XCSwiftPackageProductDependency;
			package = F12F5AD62B0D01FD00C25241 /* XCRemoteSwiftPackageReference "maplibre-gl-native-distribution" */;
			productName = Mapbox;
		};
		F12F5ADD2B14D8DE00C25241 /* AWSAuthCore */ = {
			isa = XCSwiftPackageProductDependency;
			package = F12F5ADC2B14D8DE00C25241 /* XCRemoteSwiftPackageReference "aws-sdk-ios-spm" */;
			productName = AWSAuthCore;
		};
		F12F5ADF2B14D8DE00C25241 /* AWSCognitoAuth */ = {
			isa = XCSwiftPackageProductDependency;
			package = F12F5ADC2B14D8DE00C25241 /* XCRemoteSwiftPackageReference "aws-sdk-ios-spm" */;
			productName = AWSCognitoAuth;
		};
		F12F5AE12B14D8DE00C25241 /* AWSCognitoIdentityProviderASF */ = {
			isa = XCSwiftPackageProductDependency;
			package = F12F5ADC2B14D8DE00C25241 /* XCRemoteSwiftPackageReference "aws-sdk-ios-spm" */;
			productName = AWSCognitoIdentityProviderASF;
		};
		F12F5AE32B14D8DE00C25241 /* AWSLocationXCF */ = {
			isa = XCSwiftPackageProductDependency;
			package = F12F5ADC2B14D8DE00C25241 /* XCRemoteSwiftPackageReference "aws-sdk-ios-spm" */;
			productName = AWSLocationXCF;
		};
		F12F5AE52B14D8DE00C25241 /* AWSMobileClientXCF */ = {
			isa = XCSwiftPackageProductDependency;
			package = F12F5ADC2B14D8DE00C25241 /* XCRemoteSwiftPackageReference "aws-sdk-ios-spm" */;
			productName = AWSMobileClientXCF;
		};
/* End XCSwiftPackageProductDependency section */
	};
	rootObject = F12F5A9B2B0CFDE800C25241 /* Project object */;
}
